// !$*UTF8*$!
{
	archiveVersion = 1;
	classes = {
	};
	objectVersion = 51;
	objects = {

/* Begin PBXBuildFile section */
		186B25E8FF6AEBAA407F284A /* Pods_Coffe_Curators.framework in Frameworks */ = {isa = PBXBuildFile; fileRef = BAD0479E7DEF0EE3924A71F3 /* Pods_Coffe_Curators.framework */; };
		5295D8F024DC656C002434F8 /* AppDelegate.swift in Sources */ = {isa = PBXBuildFile; fileRef = 5295D8EF24DC656C002434F8 /* AppDelegate.swift */; };
		5295D8F224DC656C002434F8 /* SceneDelegate.swift in Sources */ = {isa = PBXBuildFile; fileRef = 5295D8F124DC656C002434F8 /* SceneDelegate.swift */; };
		5295D8F424DC656C002434F8 /* ViewController.swift in Sources */ = {isa = PBXBuildFile; fileRef = 5295D8F324DC656C002434F8 /* ViewController.swift */; };
		5295D8F724DC656C002434F8 /* Main.storyboard in Resources */ = {isa = PBXBuildFile; fileRef = 5295D8F524DC656C002434F8 /* Main.storyboard */; };
		5295D8F924DC656E002434F8 /* Assets.xcassets in Resources */ = {isa = PBXBuildFile; fileRef = 5295D8F824DC656E002434F8 /* Assets.xcassets */; };
		5295D8FC24DC656E002434F8 /* LaunchScreen.storyboard in Resources */ = {isa = PBXBuildFile; fileRef = 5295D8FA24DC656E002434F8 /* LaunchScreen.storyboard */; };
		5295D90724DC656E002434F8 /* Coffe_CuratorsTests.swift in Sources */ = {isa = PBXBuildFile; fileRef = 5295D90624DC656E002434F8 /* Coffe_CuratorsTests.swift */; };
		5295D91224DC656E002434F8 /* Coffe_CuratorsUITests.swift in Sources */ = {isa = PBXBuildFile; fileRef = 5295D91124DC656E002434F8 /* Coffe_CuratorsUITests.swift */; };
		766A4BB773568341ABB0756F /* Pods_Coffe_CuratorsTests.framework in Frameworks */ = {isa = PBXBuildFile; fileRef = A670F7071B6B545A6795B4AA /* Pods_Coffe_CuratorsTests.framework */; };
		905E8B372EC18DA148974956 /* Pods_Coffe_Curators_Coffe_CuratorsUITests.framework in Frameworks */ = {isa = PBXBuildFile; fileRef = 41DD8F3691205FFF0C3C725E /* Pods_Coffe_Curators_Coffe_CuratorsUITests.framework */; };
		DE010BA124DDC0B500576B12 /* User.swift in Sources */ = {isa = PBXBuildFile; fileRef = DE010BA024DDC0B500576B12 /* User.swift */; };
		DE010BA324DDC16600576B12 /* Drink.swift in Sources */ = {isa = PBXBuildFile; fileRef = DE010BA224DDC16600576B12 /* Drink.swift */; };
		DE010BA524DDC51E00576B12 /* UserController.swift in Sources */ = {isa = PBXBuildFile; fileRef = DE010BA424DDC51E00576B12 /* UserController.swift */; };
		DE010BA724DDC52900576B12 /* DrinkController.swift in Sources */ = {isa = PBXBuildFile; fileRef = DE010BA624DDC52900576B12 /* DrinkController.swift */; };
		DE957B8F24DC71E3004F2919 /* GoogleService-Info.plist in Resources */ = {isa = PBXBuildFile; fileRef = DE957B8E24DC71E3004F2919 /* GoogleService-Info.plist */; };
/* End PBXBuildFile section */

/* Begin PBXContainerItemProxy section */
		5295D90324DC656E002434F8 /* PBXContainerItemProxy */ = {
			isa = PBXContainerItemProxy;
			containerPortal = 5295D8E424DC656C002434F8 /* Project object */;
			proxyType = 1;
			remoteGlobalIDString = 5295D8EB24DC656C002434F8;
			remoteInfo = "Coffe Curators";
		};
		5295D90E24DC656E002434F8 /* PBXContainerItemProxy */ = {
			isa = PBXContainerItemProxy;
			containerPortal = 5295D8E424DC656C002434F8 /* Project object */;
			proxyType = 1;
			remoteGlobalIDString = 5295D8EB24DC656C002434F8;
			remoteInfo = "Coffe Curators";
		};
/* End PBXContainerItemProxy section */

/* Begin PBXFileReference section */
		1E3316C022856FF527F6B641 /* Pods-Coffe CuratorsTests.debug.xcconfig */ = {isa = PBXFileReference; includeInIndex = 1; lastKnownFileType = text.xcconfig; name = "Pods-Coffe CuratorsTests.debug.xcconfig"; path = "Target Support Files/Pods-Coffe CuratorsTests/Pods-Coffe CuratorsTests.debug.xcconfig"; sourceTree = "<group>"; };
		27E7B8BB71DB33313A07DE6C /* Pods-Coffe Curators-Coffe CuratorsUITests.debug.xcconfig */ = {isa = PBXFileReference; includeInIndex = 1; lastKnownFileType = text.xcconfig; name = "Pods-Coffe Curators-Coffe CuratorsUITests.debug.xcconfig"; path = "Target Support Files/Pods-Coffe Curators-Coffe CuratorsUITests/Pods-Coffe Curators-Coffe CuratorsUITests.debug.xcconfig"; sourceTree = "<group>"; };
		41DD8F3691205FFF0C3C725E /* Pods_Coffe_Curators_Coffe_CuratorsUITests.framework */ = {isa = PBXFileReference; explicitFileType = wrapper.framework; includeInIndex = 0; path = Pods_Coffe_Curators_Coffe_CuratorsUITests.framework; sourceTree = BUILT_PRODUCTS_DIR; };
		5295D8EC24DC656C002434F8 /* Coffe Curators.app */ = {isa = PBXFileReference; explicitFileType = wrapper.application; includeInIndex = 0; path = "Coffe Curators.app"; sourceTree = BUILT_PRODUCTS_DIR; };
		5295D8EF24DC656C002434F8 /* AppDelegate.swift */ = {isa = PBXFileReference; lastKnownFileType = sourcecode.swift; path = AppDelegate.swift; sourceTree = "<group>"; };
		5295D8F124DC656C002434F8 /* SceneDelegate.swift */ = {isa = PBXFileReference; lastKnownFileType = sourcecode.swift; path = SceneDelegate.swift; sourceTree = "<group>"; };
		5295D8F324DC656C002434F8 /* ViewController.swift */ = {isa = PBXFileReference; lastKnownFileType = sourcecode.swift; path = ViewController.swift; sourceTree = "<group>"; };
		5295D8F624DC656C002434F8 /* Base */ = {isa = PBXFileReference; lastKnownFileType = file.storyboard; name = Base; path = Base.lproj/Main.storyboard; sourceTree = "<group>"; };
		5295D8F824DC656E002434F8 /* Assets.xcassets */ = {isa = PBXFileReference; lastKnownFileType = folder.assetcatalog; path = Assets.xcassets; sourceTree = "<group>"; };
		5295D8FB24DC656E002434F8 /* Base */ = {isa = PBXFileReference; lastKnownFileType = file.storyboard; name = Base; path = Base.lproj/LaunchScreen.storyboard; sourceTree = "<group>"; };
		5295D8FD24DC656E002434F8 /* Info.plist */ = {isa = PBXFileReference; lastKnownFileType = text.plist.xml; path = Info.plist; sourceTree = "<group>"; };
		5295D90224DC656E002434F8 /* Coffe CuratorsTests.xctest */ = {isa = PBXFileReference; explicitFileType = wrapper.cfbundle; includeInIndex = 0; path = "Coffe CuratorsTests.xctest"; sourceTree = BUILT_PRODUCTS_DIR; };
		5295D90624DC656E002434F8 /* Coffe_CuratorsTests.swift */ = {isa = PBXFileReference; lastKnownFileType = sourcecode.swift; path = Coffe_CuratorsTests.swift; sourceTree = "<group>"; };
		5295D90824DC656E002434F8 /* Info.plist */ = {isa = PBXFileReference; lastKnownFileType = text.plist.xml; path = Info.plist; sourceTree = "<group>"; };
		5295D90D24DC656E002434F8 /* Coffe CuratorsUITests.xctest */ = {isa = PBXFileReference; explicitFileType = wrapper.cfbundle; includeInIndex = 0; path = "Coffe CuratorsUITests.xctest"; sourceTree = BUILT_PRODUCTS_DIR; };
		5295D91124DC656E002434F8 /* Coffe_CuratorsUITests.swift */ = {isa = PBXFileReference; lastKnownFileType = sourcecode.swift; path = Coffe_CuratorsUITests.swift; sourceTree = "<group>"; };
		5295D91324DC656E002434F8 /* Info.plist */ = {isa = PBXFileReference; lastKnownFileType = text.plist.xml; path = Info.plist; sourceTree = "<group>"; };
		638CD0C1A9C6D1D44BC7CE11 /* Pods-Coffe Curators-Coffe CuratorsUITests.release.xcconfig */ = {isa = PBXFileReference; includeInIndex = 1; lastKnownFileType = text.xcconfig; name = "Pods-Coffe Curators-Coffe CuratorsUITests.release.xcconfig"; path = "Target Support Files/Pods-Coffe Curators-Coffe CuratorsUITests/Pods-Coffe Curators-Coffe CuratorsUITests.release.xcconfig"; sourceTree = "<group>"; };
		71A8E2C8AE9640047DE29615 /* Pods-Coffe CuratorsTests.release.xcconfig */ = {isa = PBXFileReference; includeInIndex = 1; lastKnownFileType = text.xcconfig; name = "Pods-Coffe CuratorsTests.release.xcconfig"; path = "Target Support Files/Pods-Coffe CuratorsTests/Pods-Coffe CuratorsTests.release.xcconfig"; sourceTree = "<group>"; };
		A670F7071B6B545A6795B4AA /* Pods_Coffe_CuratorsTests.framework */ = {isa = PBXFileReference; explicitFileType = wrapper.framework; includeInIndex = 0; path = Pods_Coffe_CuratorsTests.framework; sourceTree = BUILT_PRODUCTS_DIR; };
		BAD0479E7DEF0EE3924A71F3 /* Pods_Coffe_Curators.framework */ = {isa = PBXFileReference; explicitFileType = wrapper.framework; includeInIndex = 0; path = Pods_Coffe_Curators.framework; sourceTree = BUILT_PRODUCTS_DIR; };
		DD2E3E4AFE425D5B3A0CF4EC /* Pods-Coffe Curators.release.xcconfig */ = {isa = PBXFileReference; includeInIndex = 1; lastKnownFileType = text.xcconfig; name = "Pods-Coffe Curators.release.xcconfig"; path = "Target Support Files/Pods-Coffe Curators/Pods-Coffe Curators.release.xcconfig"; sourceTree = "<group>"; };
		DE010BA024DDC0B500576B12 /* User.swift */ = {isa = PBXFileReference; lastKnownFileType = sourcecode.swift; path = User.swift; sourceTree = "<group>"; };
		DE010BA224DDC16600576B12 /* Drink.swift */ = {isa = PBXFileReference; lastKnownFileType = sourcecode.swift; path = Drink.swift; sourceTree = "<group>"; };
		DE010BA424DDC51E00576B12 /* UserController.swift */ = {isa = PBXFileReference; lastKnownFileType = sourcecode.swift; path = UserController.swift; sourceTree = "<group>"; };
		DE010BA624DDC52900576B12 /* DrinkController.swift */ = {isa = PBXFileReference; lastKnownFileType = sourcecode.swift; path = DrinkController.swift; sourceTree = "<group>"; };
		DE957B8E24DC71E3004F2919 /* GoogleService-Info.plist */ = {isa = PBXFileReference; fileEncoding = 4; lastKnownFileType = text.plist.xml; path = "GoogleService-Info.plist"; sourceTree = "<group>"; };
		EFC4080E7CDFBA4AF65442FD /* Pods-Coffe Curators.debug.xcconfig */ = {isa = PBXFileReference; includeInIndex = 1; lastKnownFileType = text.xcconfig; name = "Pods-Coffe Curators.debug.xcconfig"; path = "Target Support Files/Pods-Coffe Curators/Pods-Coffe Curators.debug.xcconfig"; sourceTree = "<group>"; };
/* End PBXFileReference section */

/* Begin PBXFrameworksBuildPhase section */
		5295D8E924DC656C002434F8 /* Frameworks */ = {
			isa = PBXFrameworksBuildPhase;
			buildActionMask = 2147483647;
			files = (
				186B25E8FF6AEBAA407F284A /* Pods_Coffe_Curators.framework in Frameworks */,
			);
			runOnlyForDeploymentPostprocessing = 0;
		};
		5295D8FF24DC656E002434F8 /* Frameworks */ = {
			isa = PBXFrameworksBuildPhase;
			buildActionMask = 2147483647;
			files = (
				766A4BB773568341ABB0756F /* Pods_Coffe_CuratorsTests.framework in Frameworks */,
			);
			runOnlyForDeploymentPostprocessing = 0;
		};
		5295D90A24DC656E002434F8 /* Frameworks */ = {
			isa = PBXFrameworksBuildPhase;
			buildActionMask = 2147483647;
			files = (
				905E8B372EC18DA148974956 /* Pods_Coffe_Curators_Coffe_CuratorsUITests.framework in Frameworks */,
			);
			runOnlyForDeploymentPostprocessing = 0;
		};
/* End PBXFrameworksBuildPhase section */

/* Begin PBXGroup section */
		5295D8E324DC656C002434F8 = {
			isa = PBXGroup;
			children = (
				5295D8EE24DC656C002434F8 /* Coffe Curators */,
				5295D90524DC656E002434F8 /* Coffe CuratorsTests */,
				5295D91024DC656E002434F8 /* Coffe CuratorsUITests */,
				5295D8ED24DC656C002434F8 /* Products */,
				EB450908B1E53653F2838E3E /* Pods */,
				8391BBD5126191ED421B14F5 /* Frameworks */,
			);
			sourceTree = "<group>";
		};
		5295D8ED24DC656C002434F8 /* Products */ = {
			isa = PBXGroup;
			children = (
				5295D8EC24DC656C002434F8 /* Coffe Curators.app */,
				5295D90224DC656E002434F8 /* Coffe CuratorsTests.xctest */,
				5295D90D24DC656E002434F8 /* Coffe CuratorsUITests.xctest */,
			);
			name = Products;
			sourceTree = "<group>";
		};
		5295D8EE24DC656C002434F8 /* Coffe Curators */ = {
			isa = PBXGroup;
			children = (
				5295D92524DC65E5002434F8 /* Model */,
				5295D92124DC65B4002434F8 /* View */,
				5295D92324DC65C5002434F8 /* Controller */,
				5295D91F24DC6584002434F8 /* Resources */,
			);
			path = "Coffe Curators";
			sourceTree = "<group>";
		};
		5295D90524DC656E002434F8 /* Coffe CuratorsTests */ = {
			isa = PBXGroup;
			children = (
				5295D90624DC656E002434F8 /* Coffe_CuratorsTests.swift */,
				5295D90824DC656E002434F8 /* Info.plist */,
			);
			path = "Coffe CuratorsTests";
			sourceTree = "<group>";
		};
		5295D91024DC656E002434F8 /* Coffe CuratorsUITests */ = {
			isa = PBXGroup;
			children = (
				5295D91124DC656E002434F8 /* Coffe_CuratorsUITests.swift */,
				5295D91324DC656E002434F8 /* Info.plist */,
			);
			path = "Coffe CuratorsUITests";
			sourceTree = "<group>";
		};
		5295D91F24DC6584002434F8 /* Resources */ = {
			isa = PBXGroup;
			children = (
				5295D8EF24DC656C002434F8 /* AppDelegate.swift */,
				5295D8F124DC656C002434F8 /* SceneDelegate.swift */,
				5295D8F824DC656E002434F8 /* Assets.xcassets */,
				5295D8FA24DC656E002434F8 /* LaunchScreen.storyboard */,
				5295D8FD24DC656E002434F8 /* Info.plist */,
				DE957B8E24DC71E3004F2919 /* GoogleService-Info.plist */,
			);
			path = Resources;
			sourceTree = "<group>";
		};
		5295D92024DC65A8002434F8 /* Storyboard */ = {
			isa = PBXGroup;
			children = (
				5295D8F524DC656C002434F8 /* Main.storyboard */,
			);
			path = Storyboard;
			sourceTree = "<group>";
		};
		5295D92124DC65B4002434F8 /* View */ = {
			isa = PBXGroup;
			children = (
				5295D92024DC65A8002434F8 /* Storyboard */,
			);
			path = View;
			sourceTree = "<group>";
		};
		5295D92224DC65BD002434F8 /* View Controller */ = {
			isa = PBXGroup;
			children = (
				5295D8F324DC656C002434F8 /* ViewController.swift */,
			);
			path = "View Controller";
			sourceTree = "<group>";
		};
		5295D92324DC65C5002434F8 /* Controller */ = {
			isa = PBXGroup;
			children = (
				5295D92424DC65D2002434F8 /* Model Controller */,
				5295D92224DC65BD002434F8 /* View Controller */,
			);
			path = Controller;
			sourceTree = "<group>";
		};
		5295D92424DC65D2002434F8 /* Model Controller */ = {
			isa = PBXGroup;
			children = (
				DE010BA424DDC51E00576B12 /* UserController.swift */,
				DE010BA624DDC52900576B12 /* DrinkController.swift */,
			);
			path = "Model Controller";
			sourceTree = "<group>";
		};
		5295D92524DC65E5002434F8 /* Model */ = {
			isa = PBXGroup;
			children = (
				DE010BA024DDC0B500576B12 /* User.swift */,
				DE010BA224DDC16600576B12 /* Drink.swift */,
			);
			path = Model;
			sourceTree = "<group>";
		};
		8391BBD5126191ED421B14F5 /* Frameworks */ = {
			isa = PBXGroup;
			children = (
				BAD0479E7DEF0EE3924A71F3 /* Pods_Coffe_Curators.framework */,
				41DD8F3691205FFF0C3C725E /* Pods_Coffe_Curators_Coffe_CuratorsUITests.framework */,
				A670F7071B6B545A6795B4AA /* Pods_Coffe_CuratorsTests.framework */,
			);
			name = Frameworks;
			sourceTree = "<group>";
		};
		EB450908B1E53653F2838E3E /* Pods */ = {
			isa = PBXGroup;
			children = (
				EFC4080E7CDFBA4AF65442FD /* Pods-Coffe Curators.debug.xcconfig */,
				DD2E3E4AFE425D5B3A0CF4EC /* Pods-Coffe Curators.release.xcconfig */,
				27E7B8BB71DB33313A07DE6C /* Pods-Coffe Curators-Coffe CuratorsUITests.debug.xcconfig */,
				638CD0C1A9C6D1D44BC7CE11 /* Pods-Coffe Curators-Coffe CuratorsUITests.release.xcconfig */,
				1E3316C022856FF527F6B641 /* Pods-Coffe CuratorsTests.debug.xcconfig */,
				71A8E2C8AE9640047DE29615 /* Pods-Coffe CuratorsTests.release.xcconfig */,
			);
			path = Pods;
			sourceTree = "<group>";
		};
/* End PBXGroup section */

/* Begin PBXNativeTarget section */
		5295D8EB24DC656C002434F8 /* Coffe Curators */ = {
			isa = PBXNativeTarget;
			buildConfigurationList = 5295D91624DC656E002434F8 /* Build configuration list for PBXNativeTarget "Coffe Curators" */;
			buildPhases = (
				D44A781A234D62E0C6F8C468 /* [CP] Check Pods Manifest.lock */,
				5295D8E824DC656C002434F8 /* Sources */,
				5295D8E924DC656C002434F8 /* Frameworks */,
				5295D8EA24DC656C002434F8 /* Resources */,
				87472E930FB202B8813FA83B /* [CP] Embed Pods Frameworks */,
				A62BFBB2312AF6994886F88E /* [CP] Copy Pods Resources */,
			);
			buildRules = (
			);
			dependencies = (
			);
			name = "Coffe Curators";
			productName = "Coffe Curators";
			productReference = 5295D8EC24DC656C002434F8 /* Coffe Curators.app */;
			productType = "com.apple.product-type.application";
		};
		5295D90124DC656E002434F8 /* Coffe CuratorsTests */ = {
			isa = PBXNativeTarget;
			buildConfigurationList = 5295D91924DC656E002434F8 /* Build configuration list for PBXNativeTarget "Coffe CuratorsTests" */;
			buildPhases = (
				DA21CD5FC62D5C14DC5D4456 /* [CP] Check Pods Manifest.lock */,
				5295D8FE24DC656E002434F8 /* Sources */,
				5295D8FF24DC656E002434F8 /* Frameworks */,
				5295D90024DC656E002434F8 /* Resources */,
			);
			buildRules = (
			);
			dependencies = (
				5295D90424DC656E002434F8 /* PBXTargetDependency */,
			);
			name = "Coffe CuratorsTests";
			productName = "Coffe CuratorsTests";
			productReference = 5295D90224DC656E002434F8 /* Coffe CuratorsTests.xctest */;
			productType = "com.apple.product-type.bundle.unit-test";
		};
		5295D90C24DC656E002434F8 /* Coffe CuratorsUITests */ = {
			isa = PBXNativeTarget;
			buildConfigurationList = 5295D91C24DC656E002434F8 /* Build configuration list for PBXNativeTarget "Coffe CuratorsUITests" */;
			buildPhases = (
				3D12E203E30FECE25E826D46 /* [CP] Check Pods Manifest.lock */,
				5295D90924DC656E002434F8 /* Sources */,
				5295D90A24DC656E002434F8 /* Frameworks */,
				5295D90B24DC656E002434F8 /* Resources */,
				AD7FE25FDF0544C08FB3FE6E /* [CP] Embed Pods Frameworks */,
				FE92BB0E9126EC421AFD496C /* [CP] Copy Pods Resources */,
			);
			buildRules = (
			);
			dependencies = (
				5295D90F24DC656E002434F8 /* PBXTargetDependency */,
			);
			name = "Coffe CuratorsUITests";
			productName = "Coffe CuratorsUITests";
			productReference = 5295D90D24DC656E002434F8 /* Coffe CuratorsUITests.xctest */;
			productType = "com.apple.product-type.bundle.ui-testing";
		};
/* End PBXNativeTarget section */

/* Begin PBXProject section */
		5295D8E424DC656C002434F8 /* Project object */ = {
			isa = PBXProject;
			attributes = {
				LastSwiftUpdateCheck = 1150;
				LastUpgradeCheck = 1150;
				ORGANIZATIONNAME = Atomuz;
				TargetAttributes = {
					5295D8EB24DC656C002434F8 = {
						CreatedOnToolsVersion = 11.5;
					};
					5295D90124DC656E002434F8 = {
						CreatedOnToolsVersion = 11.5;
						TestTargetID = 5295D8EB24DC656C002434F8;
					};
					5295D90C24DC656E002434F8 = {
						CreatedOnToolsVersion = 11.5;
						TestTargetID = 5295D8EB24DC656C002434F8;
					};
				};
			};
			buildConfigurationList = 5295D8E724DC656C002434F8 /* Build configuration list for PBXProject "Coffe Curators" */;
			compatibilityVersion = "Xcode 9.3";
			developmentRegion = en;
			hasScannedForEncodings = 0;
			knownRegions = (
				en,
				Base,
			);
			mainGroup = 5295D8E324DC656C002434F8;
			productRefGroup = 5295D8ED24DC656C002434F8 /* Products */;
			projectDirPath = "";
			projectRoot = "";
			targets = (
				5295D8EB24DC656C002434F8 /* Coffe Curators */,
				5295D90124DC656E002434F8 /* Coffe CuratorsTests */,
				5295D90C24DC656E002434F8 /* Coffe CuratorsUITests */,
			);
		};
/* End PBXProject section */

/* Begin PBXResourcesBuildPhase section */
		5295D8EA24DC656C002434F8 /* Resources */ = {
			isa = PBXResourcesBuildPhase;
			buildActionMask = 2147483647;
			files = (
				5295D8FC24DC656E002434F8 /* LaunchScreen.storyboard in Resources */,
				DE957B8F24DC71E3004F2919 /* GoogleService-Info.plist in Resources */,
				5295D8F924DC656E002434F8 /* Assets.xcassets in Resources */,
				5295D8F724DC656C002434F8 /* Main.storyboard in Resources */,
			);
			runOnlyForDeploymentPostprocessing = 0;
		};
		5295D90024DC656E002434F8 /* Resources */ = {
			isa = PBXResourcesBuildPhase;
			buildActionMask = 2147483647;
			files = (
			);
			runOnlyForDeploymentPostprocessing = 0;
		};
		5295D90B24DC656E002434F8 /* Resources */ = {
			isa = PBXResourcesBuildPhase;
			buildActionMask = 2147483647;
			files = (
			);
			runOnlyForDeploymentPostprocessing = 0;
		};
/* End PBXResourcesBuildPhase section */

/* Begin PBXShellScriptBuildPhase section */
		3D12E203E30FECE25E826D46 /* [CP] Check Pods Manifest.lock */ = {
			isa = PBXShellScriptBuildPhase;
			buildActionMask = 2147483647;
			files = (
			);
			inputFileListPaths = (
			);
			inputPaths = (
				"${PODS_PODFILE_DIR_PATH}/Podfile.lock",
				"${PODS_ROOT}/Manifest.lock",
			);
			name = "[CP] Check Pods Manifest.lock";
			outputFileListPaths = (
			);
			outputPaths = (
				"$(DERIVED_FILE_DIR)/Pods-Coffe Curators-Coffe CuratorsUITests-checkManifestLockResult.txt",
			);
			runOnlyForDeploymentPostprocessing = 0;
			shellPath = /bin/sh;
			shellScript = "diff \"${PODS_PODFILE_DIR_PATH}/Podfile.lock\" \"${PODS_ROOT}/Manifest.lock\" > /dev/null\nif [ $? != 0 ] ; then\n    # print error to STDERR\n    echo \"error: The sandbox is not in sync with the Podfile.lock. Run 'pod install' or update your CocoaPods installation.\" >&2\n    exit 1\nfi\n# This output is used by Xcode 'outputs' to avoid re-running this script phase.\necho \"SUCCESS\" > \"${SCRIPT_OUTPUT_FILE_0}\"\n";
			showEnvVarsInLog = 0;
		};
		87472E930FB202B8813FA83B /* [CP] Embed Pods Frameworks */ = {
			isa = PBXShellScriptBuildPhase;
			buildActionMask = 2147483647;
			files = (
			);
			inputFileListPaths = (
				"${PODS_ROOT}/Target Support Files/Pods-Coffe Curators/Pods-Coffe Curators-frameworks-${CONFIGURATION}-input-files.xcfilelist",
			);
			name = "[CP] Embed Pods Frameworks";
			outputFileListPaths = (
				"${PODS_ROOT}/Target Support Files/Pods-Coffe Curators/Pods-Coffe Curators-frameworks-${CONFIGURATION}-output-files.xcfilelist",
			);
			runOnlyForDeploymentPostprocessing = 0;
			shellPath = /bin/sh;
			shellScript = "\"${PODS_ROOT}/Target Support Files/Pods-Coffe Curators/Pods-Coffe Curators-frameworks.sh\"\n";
			showEnvVarsInLog = 0;
		};
		A62BFBB2312AF6994886F88E /* [CP] Copy Pods Resources */ = {
			isa = PBXShellScriptBuildPhase;
			buildActionMask = 2147483647;
			files = (
			);
			inputFileListPaths = (
				"${PODS_ROOT}/Target Support Files/Pods-Coffe Curators/Pods-Coffe Curators-resources-${CONFIGURATION}-input-files.xcfilelist",
			);
			name = "[CP] Copy Pods Resources";
			outputFileListPaths = (
				"${PODS_ROOT}/Target Support Files/Pods-Coffe Curators/Pods-Coffe Curators-resources-${CONFIGURATION}-output-files.xcfilelist",
			);
			runOnlyForDeploymentPostprocessing = 0;
			shellPath = /bin/sh;
			shellScript = "\"${PODS_ROOT}/Target Support Files/Pods-Coffe Curators/Pods-Coffe Curators-resources.sh\"\n";
			showEnvVarsInLog = 0;
		};
		AD7FE25FDF0544C08FB3FE6E /* [CP] Embed Pods Frameworks */ = {
			isa = PBXShellScriptBuildPhase;
			buildActionMask = 2147483647;
			files = (
			);
			inputFileListPaths = (
				"${PODS_ROOT}/Target Support Files/Pods-Coffe Curators-Coffe CuratorsUITests/Pods-Coffe Curators-Coffe CuratorsUITests-frameworks-${CONFIGURATION}-input-files.xcfilelist",
			);
			name = "[CP] Embed Pods Frameworks";
			outputFileListPaths = (
				"${PODS_ROOT}/Target Support Files/Pods-Coffe Curators-Coffe CuratorsUITests/Pods-Coffe Curators-Coffe CuratorsUITests-frameworks-${CONFIGURATION}-output-files.xcfilelist",
			);
			runOnlyForDeploymentPostprocessing = 0;
			shellPath = /bin/sh;
			shellScript = "\"${PODS_ROOT}/Target Support Files/Pods-Coffe Curators-Coffe CuratorsUITests/Pods-Coffe Curators-Coffe CuratorsUITests-frameworks.sh\"\n";
			showEnvVarsInLog = 0;
		};
		D44A781A234D62E0C6F8C468 /* [CP] Check Pods Manifest.lock */ = {
			isa = PBXShellScriptBuildPhase;
			buildActionMask = 2147483647;
			files = (
			);
			inputFileListPaths = (
			);
			inputPaths = (
				"${PODS_PODFILE_DIR_PATH}/Podfile.lock",
				"${PODS_ROOT}/Manifest.lock",
			);
			name = "[CP] Check Pods Manifest.lock";
			outputFileListPaths = (
			);
			outputPaths = (
				"$(DERIVED_FILE_DIR)/Pods-Coffe Curators-checkManifestLockResult.txt",
			);
			runOnlyForDeploymentPostprocessing = 0;
			shellPath = /bin/sh;
			shellScript = "diff \"${PODS_PODFILE_DIR_PATH}/Podfile.lock\" \"${PODS_ROOT}/Manifest.lock\" > /dev/null\nif [ $? != 0 ] ; then\n    # print error to STDERR\n    echo \"error: The sandbox is not in sync with the Podfile.lock. Run 'pod install' or update your CocoaPods installation.\" >&2\n    exit 1\nfi\n# This output is used by Xcode 'outputs' to avoid re-running this script phase.\necho \"SUCCESS\" > \"${SCRIPT_OUTPUT_FILE_0}\"\n";
			showEnvVarsInLog = 0;
		};
		DA21CD5FC62D5C14DC5D4456 /* [CP] Check Pods Manifest.lock */ = {
			isa = PBXShellScriptBuildPhase;
			buildActionMask = 2147483647;
			files = (
			);
			inputFileListPaths = (
			);
			inputPaths = (
				"${PODS_PODFILE_DIR_PATH}/Podfile.lock",
				"${PODS_ROOT}/Manifest.lock",
			);
			name = "[CP] Check Pods Manifest.lock";
			outputFileListPaths = (
			);
			outputPaths = (
				"$(DERIVED_FILE_DIR)/Pods-Coffe CuratorsTests-checkManifestLockResult.txt",
			);
			runOnlyForDeploymentPostprocessing = 0;
			shellPath = /bin/sh;
			shellScript = "diff \"${PODS_PODFILE_DIR_PATH}/Podfile.lock\" \"${PODS_ROOT}/Manifest.lock\" > /dev/null\nif [ $? != 0 ] ; then\n    # print error to STDERR\n    echo \"error: The sandbox is not in sync with the Podfile.lock. Run 'pod install' or update your CocoaPods installation.\" >&2\n    exit 1\nfi\n# This output is used by Xcode 'outputs' to avoid re-running this script phase.\necho \"SUCCESS\" > \"${SCRIPT_OUTPUT_FILE_0}\"\n";
			showEnvVarsInLog = 0;
		};
		FE92BB0E9126EC421AFD496C /* [CP] Copy Pods Resources */ = {
			isa = PBXShellScriptBuildPhase;
			buildActionMask = 2147483647;
			files = (
			);
			inputFileListPaths = (
				"${PODS_ROOT}/Target Support Files/Pods-Coffe Curators-Coffe CuratorsUITests/Pods-Coffe Curators-Coffe CuratorsUITests-resources-${CONFIGURATION}-input-files.xcfilelist",
			);
			name = "[CP] Copy Pods Resources";
			outputFileListPaths = (
				"${PODS_ROOT}/Target Support Files/Pods-Coffe Curators-Coffe CuratorsUITests/Pods-Coffe Curators-Coffe CuratorsUITests-resources-${CONFIGURATION}-output-files.xcfilelist",
			);
			runOnlyForDeploymentPostprocessing = 0;
			shellPath = /bin/sh;
			shellScript = "\"${PODS_ROOT}/Target Support Files/Pods-Coffe Curators-Coffe CuratorsUITests/Pods-Coffe Curators-Coffe CuratorsUITests-resources.sh\"\n";
			showEnvVarsInLog = 0;
		};
/* End PBXShellScriptBuildPhase section */

/* Begin PBXSourcesBuildPhase section */
		5295D8E824DC656C002434F8 /* Sources */ = {
			isa = PBXSourcesBuildPhase;
			buildActionMask = 2147483647;
			files = (
				DE010BA524DDC51E00576B12 /* UserController.swift in Sources */,
				DE010BA124DDC0B500576B12 /* User.swift in Sources */,
				5295D8F424DC656C002434F8 /* ViewController.swift in Sources */,
				DE010BA724DDC52900576B12 /* DrinkController.swift in Sources */,
				5295D8F024DC656C002434F8 /* AppDelegate.swift in Sources */,
				DE010BA324DDC16600576B12 /* Drink.swift in Sources */,
				5295D8F224DC656C002434F8 /* SceneDelegate.swift in Sources */,
			);
			runOnlyForDeploymentPostprocessing = 0;
		};
		5295D8FE24DC656E002434F8 /* Sources */ = {
			isa = PBXSourcesBuildPhase;
			buildActionMask = 2147483647;
			files = (
				5295D90724DC656E002434F8 /* Coffe_CuratorsTests.swift in Sources */,
			);
			runOnlyForDeploymentPostprocessing = 0;
		};
		5295D90924DC656E002434F8 /* Sources */ = {
			isa = PBXSourcesBuildPhase;
			buildActionMask = 2147483647;
			files = (
				5295D91224DC656E002434F8 /* Coffe_CuratorsUITests.swift in Sources */,
			);
			runOnlyForDeploymentPostprocessing = 0;
		};
/* End PBXSourcesBuildPhase section */

/* Begin PBXTargetDependency section */
		5295D90424DC656E002434F8 /* PBXTargetDependency */ = {
			isa = PBXTargetDependency;
			target = 5295D8EB24DC656C002434F8 /* Coffe Curators */;
			targetProxy = 5295D90324DC656E002434F8 /* PBXContainerItemProxy */;
		};
		5295D90F24DC656E002434F8 /* PBXTargetDependency */ = {
			isa = PBXTargetDependency;
			target = 5295D8EB24DC656C002434F8 /* Coffe Curators */;
			targetProxy = 5295D90E24DC656E002434F8 /* PBXContainerItemProxy */;
		};
/* End PBXTargetDependency section */

/* Begin PBXVariantGroup section */
		5295D8F524DC656C002434F8 /* Main.storyboard */ = {
			isa = PBXVariantGroup;
			children = (
				5295D8F624DC656C002434F8 /* Base */,
			);
			name = Main.storyboard;
			sourceTree = "<group>";
		};
		5295D8FA24DC656E002434F8 /* LaunchScreen.storyboard */ = {
			isa = PBXVariantGroup;
			children = (
				5295D8FB24DC656E002434F8 /* Base */,
			);
			name = LaunchScreen.storyboard;
			sourceTree = "<group>";
		};
/* End PBXVariantGroup section */

/* Begin XCBuildConfiguration section */
		5295D91424DC656E002434F8 /* Debug */ = {
			isa = XCBuildConfiguration;
			buildSettings = {
				ALWAYS_SEARCH_USER_PATHS = NO;
				CLANG_ANALYZER_NONNULL = YES;
				CLANG_ANALYZER_NUMBER_OBJECT_CONVERSION = YES_AGGRESSIVE;
				CLANG_CXX_LANGUAGE_STANDARD = "gnu++14";
				CLANG_CXX_LIBRARY = "libc++";
				CLANG_ENABLE_MODULES = YES;
				CLANG_ENABLE_OBJC_ARC = YES;
				CLANG_ENABLE_OBJC_WEAK = YES;
				CLANG_WARN_BLOCK_CAPTURE_AUTORELEASING = YES;
				CLANG_WARN_BOOL_CONVERSION = YES;
				CLANG_WARN_COMMA = YES;
				CLANG_WARN_CONSTANT_CONVERSION = YES;
				CLANG_WARN_DEPRECATED_OBJC_IMPLEMENTATIONS = YES;
				CLANG_WARN_DIRECT_OBJC_ISA_USAGE = YES_ERROR;
				CLANG_WARN_DOCUMENTATION_COMMENTS = YES;
				CLANG_WARN_EMPTY_BODY = YES;
				CLANG_WARN_ENUM_CONVERSION = YES;
				CLANG_WARN_INFINITE_RECURSION = YES;
				CLANG_WARN_INT_CONVERSION = YES;
				CLANG_WARN_NON_LITERAL_NULL_CONVERSION = YES;
				CLANG_WARN_OBJC_IMPLICIT_RETAIN_SELF = YES;
				CLANG_WARN_OBJC_LITERAL_CONVERSION = YES;
				CLANG_WARN_OBJC_ROOT_CLASS = YES_ERROR;
				CLANG_WARN_RANGE_LOOP_ANALYSIS = YES;
				CLANG_WARN_STRICT_PROTOTYPES = YES;
				CLANG_WARN_SUSPICIOUS_MOVE = YES;
				CLANG_WARN_UNGUARDED_AVAILABILITY = YES_AGGRESSIVE;
				CLANG_WARN_UNREACHABLE_CODE = YES;
				CLANG_WARN__DUPLICATE_METHOD_MATCH = YES;
				COPY_PHASE_STRIP = NO;
				DEBUG_INFORMATION_FORMAT = dwarf;
				ENABLE_STRICT_OBJC_MSGSEND = YES;
				ENABLE_TESTABILITY = YES;
				GCC_C_LANGUAGE_STANDARD = gnu11;
				GCC_DYNAMIC_NO_PIC = NO;
				GCC_NO_COMMON_BLOCKS = YES;
				GCC_OPTIMIZATION_LEVEL = 0;
				GCC_PREPROCESSOR_DEFINITIONS = (
					"DEBUG=1",
					"$(inherited)",
				);
				GCC_WARN_64_TO_32_BIT_CONVERSION = YES;
				GCC_WARN_ABOUT_RETURN_TYPE = YES_ERROR;
				GCC_WARN_UNDECLARED_SELECTOR = YES;
				GCC_WARN_UNINITIALIZED_AUTOS = YES_AGGRESSIVE;
				GCC_WARN_UNUSED_FUNCTION = YES;
				GCC_WARN_UNUSED_VARIABLE = YES;
				IPHONEOS_DEPLOYMENT_TARGET = 13.5;
				MTL_ENABLE_DEBUG_INFO = INCLUDE_SOURCE;
				MTL_FAST_MATH = YES;
				ONLY_ACTIVE_ARCH = YES;
				SDKROOT = iphoneos;
				SWIFT_ACTIVE_COMPILATION_CONDITIONS = DEBUG;
				SWIFT_OPTIMIZATION_LEVEL = "-Onone";
			};
			name = Debug;
		};
		5295D91524DC656E002434F8 /* Release */ = {
			isa = XCBuildConfiguration;
			buildSettings = {
				ALWAYS_SEARCH_USER_PATHS = NO;
				CLANG_ANALYZER_NONNULL = YES;
				CLANG_ANALYZER_NUMBER_OBJECT_CONVERSION = YES_AGGRESSIVE;
				CLANG_CXX_LANGUAGE_STANDARD = "gnu++14";
				CLANG_CXX_LIBRARY = "libc++";
				CLANG_ENABLE_MODULES = YES;
				CLANG_ENABLE_OBJC_ARC = YES;
				CLANG_ENABLE_OBJC_WEAK = YES;
				CLANG_WARN_BLOCK_CAPTURE_AUTORELEASING = YES;
				CLANG_WARN_BOOL_CONVERSION = YES;
				CLANG_WARN_COMMA = YES;
				CLANG_WARN_CONSTANT_CONVERSION = YES;
				CLANG_WARN_DEPRECATED_OBJC_IMPLEMENTATIONS = YES;
				CLANG_WARN_DIRECT_OBJC_ISA_USAGE = YES_ERROR;
				CLANG_WARN_DOCUMENTATION_COMMENTS = YES;
				CLANG_WARN_EMPTY_BODY = YES;
				CLANG_WARN_ENUM_CONVERSION = YES;
				CLANG_WARN_INFINITE_RECURSION = YES;
				CLANG_WARN_INT_CONVERSION = YES;
				CLANG_WARN_NON_LITERAL_NULL_CONVERSION = YES;
				CLANG_WARN_OBJC_IMPLICIT_RETAIN_SELF = YES;
				CLANG_WARN_OBJC_LITERAL_CONVERSION = YES;
				CLANG_WARN_OBJC_ROOT_CLASS = YES_ERROR;
				CLANG_WARN_RANGE_LOOP_ANALYSIS = YES;
				CLANG_WARN_STRICT_PROTOTYPES = YES;
				CLANG_WARN_SUSPICIOUS_MOVE = YES;
				CLANG_WARN_UNGUARDED_AVAILABILITY = YES_AGGRESSIVE;
				CLANG_WARN_UNREACHABLE_CODE = YES;
				CLANG_WARN__DUPLICATE_METHOD_MATCH = YES;
				COPY_PHASE_STRIP = NO;
				DEBUG_INFORMATION_FORMAT = "dwarf-with-dsym";
				ENABLE_NS_ASSERTIONS = NO;
				ENABLE_STRICT_OBJC_MSGSEND = YES;
				GCC_C_LANGUAGE_STANDARD = gnu11;
				GCC_NO_COMMON_BLOCKS = YES;
				GCC_WARN_64_TO_32_BIT_CONVERSION = YES;
				GCC_WARN_ABOUT_RETURN_TYPE = YES_ERROR;
				GCC_WARN_UNDECLARED_SELECTOR = YES;
				GCC_WARN_UNINITIALIZED_AUTOS = YES_AGGRESSIVE;
				GCC_WARN_UNUSED_FUNCTION = YES;
				GCC_WARN_UNUSED_VARIABLE = YES;
				IPHONEOS_DEPLOYMENT_TARGET = 13.5;
				MTL_ENABLE_DEBUG_INFO = NO;
				MTL_FAST_MATH = YES;
				SDKROOT = iphoneos;
				SWIFT_COMPILATION_MODE = wholemodule;
				SWIFT_OPTIMIZATION_LEVEL = "-O";
				VALIDATE_PRODUCT = YES;
			};
			name = Release;
		};
		5295D91724DC656E002434F8 /* Debug */ = {
			isa = XCBuildConfiguration;
			baseConfigurationReference = EFC4080E7CDFBA4AF65442FD /* Pods-Coffe Curators.debug.xcconfig */;
			buildSettings = {
				ASSETCATALOG_COMPILER_APPICON_NAME = AppIcon;
				CODE_SIGN_STYLE = Automatic;
				DEVELOPMENT_TEAM = 9P92JGZ383;
				INFOPLIST_FILE = "Coffe Curators/Resources/Info.plist";
				LD_RUNPATH_SEARCH_PATHS = (
					"$(inherited)",
					"@executable_path/Frameworks",
				);
				PRODUCT_BUNDLE_IDENTIFIER = "com.atomuz.Coffe-Curators";
				PRODUCT_NAME = "$(TARGET_NAME)";
				SWIFT_VERSION = 5.0;
				TARGETED_DEVICE_FAMILY = "1,2";
			};
			name = Debug;
		};
		5295D91824DC656E002434F8 /* Release */ = {
			isa = XCBuildConfiguration;
			baseConfigurationReference = DD2E3E4AFE425D5B3A0CF4EC /* Pods-Coffe Curators.release.xcconfig */;
			buildSettings = {
				ASSETCATALOG_COMPILER_APPICON_NAME = AppIcon;
				CODE_SIGN_STYLE = Automatic;
				DEVELOPMENT_TEAM = 9P92JGZ383;
				INFOPLIST_FILE = "Coffe Curators/Resources/Info.plist";
				LD_RUNPATH_SEARCH_PATHS = (
					"$(inherited)",
					"@executable_path/Frameworks",
				);
				PRODUCT_BUNDLE_IDENTIFIER = "com.atomuz.Coffe-Curators";
				PRODUCT_NAME = "$(TARGET_NAME)";
				SWIFT_VERSION = 5.0;
				TARGETED_DEVICE_FAMILY = "1,2";
			};
			name = Release;
		};
		5295D91A24DC656E002434F8 /* Debug */ = {
			isa = XCBuildConfiguration;
			baseConfigurationReference = 1E3316C022856FF527F6B641 /* Pods-Coffe CuratorsTests.debug.xcconfig */;
			buildSettings = {
				ALWAYS_EMBED_SWIFT_STANDARD_LIBRARIES = YES;
				BUNDLE_LOADER = "$(TEST_HOST)";
				CODE_SIGN_STYLE = Automatic;
				DEVELOPMENT_TEAM = 9P92JGZ383;
				INFOPLIST_FILE = "Coffe CuratorsTests/Info.plist";
				IPHONEOS_DEPLOYMENT_TARGET = 13.5;
				LD_RUNPATH_SEARCH_PATHS = (
					"$(inherited)",
					"@executable_path/Frameworks",
					"@loader_path/Frameworks",
				);
				PRODUCT_BUNDLE_IDENTIFIER = "com.atomuz.Coffe-CuratorsTests";
				PRODUCT_NAME = "$(TARGET_NAME)";
				SWIFT_VERSION = 5.0;
				TARGETED_DEVICE_FAMILY = "1,2";
				TEST_HOST = "$(BUILT_PRODUCTS_DIR)/Coffe Curators.app/Coffe Curators";
			};
			name = Debug;
		};
		5295D91B24DC656E002434F8 /* Release */ = {
			isa = XCBuildConfiguration;
			baseConfigurationReference = 71A8E2C8AE9640047DE29615 /* Pods-Coffe CuratorsTests.release.xcconfig */;
			buildSettings = {
				ALWAYS_EMBED_SWIFT_STANDARD_LIBRARIES = YES;
				BUNDLE_LOADER = "$(TEST_HOST)";
				CODE_SIGN_STYLE = Automatic;
				DEVELOPMENT_TEAM = 9P92JGZ383;
				INFOPLIST_FILE = "Coffe CuratorsTests/Info.plist";
				IPHONEOS_DEPLOYMENT_TARGET = 13.5;
				LD_RUNPATH_SEARCH_PATHS = (
					"$(inherited)",
					"@executable_path/Frameworks",
					"@loader_path/Frameworks",
				);
				PRODUCT_BUNDLE_IDENTIFIER = "com.atomuz.Coffe-CuratorsTests";
				PRODUCT_NAME = "$(TARGET_NAME)";
				SWIFT_VERSION = 5.0;
				TARGETED_DEVICE_FAMILY = "1,2";
				TEST_HOST = "$(BUILT_PRODUCTS_DIR)/Coffe Curators.app/Coffe Curators";
			};
			name = Release;
		};
		5295D91D24DC656E002434F8 /* Debug */ = {
			isa = XCBuildConfiguration;
			baseConfigurationReference = 27E7B8BB71DB33313A07DE6C /* Pods-Coffe Curators-Coffe CuratorsUITests.debug.xcconfig */;
			buildSettings = {
				ALWAYS_EMBED_SWIFT_STANDARD_LIBRARIES = YES;
				CODE_SIGN_STYLE = Automatic;
				DEVELOPMENT_TEAM = 9P92JGZ383;
				INFOPLIST_FILE = "Coffe CuratorsUITests/Info.plist";
				LD_RUNPATH_SEARCH_PATHS = (
					"$(inherited)",
					"@executable_path/Frameworks",
					"@loader_path/Frameworks",
				);
				PRODUCT_BUNDLE_IDENTIFIER = "com.atomuz.Coffe-CuratorsUITests";
				PRODUCT_NAME = "$(TARGET_NAME)";
				SWIFT_VERSION = 5.0;
				TARGETED_DEVICE_FAMILY = "1,2";
				TEST_TARGET_NAME = "Coffe Curators";
			};
			name = Debug;
		};
		5295D91E24DC656E002434F8 /* Release */ = {
			isa = XCBuildConfiguration;
			baseConfigurationReference = 638CD0C1A9C6D1D44BC7CE11 /* Pods-Coffe Curators-Coffe CuratorsUITests.release.xcconfig */;
			buildSettings = {
				ALWAYS_EMBED_SWIFT_STANDARD_LIBRARIES = YES;
				CODE_SIGN_STYLE = Automatic;
				DEVELOPMENT_TEAM = 9P92JGZ383;
				INFOPLIST_FILE = "Coffe CuratorsUITests/Info.plist";
				LD_RUNPATH_SEARCH_PATHS = (
					"$(inherited)",
					"@executable_path/Frameworks",
					"@loader_path/Frameworks",
				);
				PRODUCT_BUNDLE_IDENTIFIER = "com.atomuz.Coffe-CuratorsUITests";
				PRODUCT_NAME = "$(TARGET_NAME)";
				SWIFT_VERSION = 5.0;
				TARGETED_DEVICE_FAMILY = "1,2";
				TEST_TARGET_NAME = "Coffe Curators";
			};
			name = Release;
		};
/* End XCBuildConfiguration section */

/* Begin XCConfigurationList section */
		5295D8E724DC656C002434F8 /* Build configuration list for PBXProject "Coffe Curators" */ = {
			isa = XCConfigurationList;
			buildConfigurations = (
				5295D91424DC656E002434F8 /* Debug */,
				5295D91524DC656E002434F8 /* Release */,
			);
			defaultConfigurationIsVisible = 0;
			defaultConfigurationName = Release;
		};
		5295D91624DC656E002434F8 /* Build configuration list for PBXNativeTarget "Coffe Curators" */ = {
			isa = XCConfigurationList;
			buildConfigurations = (
				5295D91724DC656E002434F8 /* Debug */,
				5295D91824DC656E002434F8 /* Release */,
			);
			defaultConfigurationIsVisible = 0;
			defaultConfigurationName = Release;
		};
		5295D91924DC656E002434F8 /* Build configuration list for PBXNativeTarget "Coffe CuratorsTests" */ = {
			isa = XCConfigurationList;
			buildConfigurations = (
				5295D91A24DC656E002434F8 /* Debug */,
				5295D91B24DC656E002434F8 /* Release */,
			);
			defaultConfigurationIsVisible = 0;
			defaultConfigurationName = Release;
		};
		5295D91C24DC656E002434F8 /* Build configuration list for PBXNativeTarget "Coffe CuratorsUITests" */ = {
			isa = XCConfigurationList;
			buildConfigurations = (
				5295D91D24DC656E002434F8 /* Debug */,
				5295D91E24DC656E002434F8 /* Release */,
			);
			defaultConfigurationIsVisible = 0;
			defaultConfigurationName = Release;
		};
/* End XCConfigurationList section */
	};
	rootObject = 5295D8E424DC656C002434F8 /* Project object */;
}
